
Microsoft Visual Studio Solution File, Format Version 12.00
# Visual Studio 15
VisualStudioVersion = 15.0.28010.2026
MinimumVisualStudioVersion = 10.0.40219.1
Project("{FAE04EC0-301F-11D3-BF4B-00C04F79EFBC}") = "NorthwindWebApp-SKe", "NorthwindWebApp-SKe\NorthwindWebApp-SKe.csproj", "{7078D7A0-027E-4949-91DE-1085FE7146F7}"
EndProject
Global
	GlobalSection(SolutionConfigurationPlatforms) = preSolution
		Debug|Any CPU = Debug|Any CPU
		Release|Any CPU = Release|Any CPU
	EndGlobalSection
	GlobalSection(ProjectConfigurationPlatforms) = postSolution
		{7078D7A0-027E-4949-91DE-1085FE7146F7}.Debug|Any CPU.ActiveCfg = Debug|Any CPU
		{7078D7A0-027E-4949-91DE-1085FE7146F7}.Debug|Any CPU.Build.0 = Debug|Any CPU
		{7078D7A0-027E-4949-91DE-1085FE7146F7}.Release|Any CPU.ActiveCfg = Release|Any CPU
		{7078D7A0-027E-4949-91DE-1085FE7146F7}.Release|Any CPU.Build.0 = Release|Any CPU
	EndGlobalSection
	GlobalSection(SolutionProperties) = preSolution
		HideSolutionNode = FALSE
	EndGlobalSection
	GlobalSection(ExtensibilityGlobals) = postSolution
		SolutionGuid = {F8F5F354-E029-4CBF-B577-EB41F0102264}
	EndGlobalSection
EndGlobal
